<?xml version="1.0" encoding="utf-8"?>
<Project ToolsVersion="4.0" xmlns="http://schemas.microsoft.com/developer/msbuild/2003">
  <ItemGroup>
    <Filter Include="소스 파일">
      <UniqueIdentifier>{4FC737F1-C7A5-4376-A066-2A32D752A2FF}</UniqueIdentifier>
      <Extensions>cpp;c;cc;cxx;def;odl;idl;hpj;bat;asm;asmx</Extensions>
    </Filter>
    <Filter Include="헤더 파일">
      <UniqueIdentifier>{93995380-89BD-4b04-88EB-625FBE52EBFB}</UniqueIdentifier>
      <Extensions>h;hh;hpp;hxx;hm;inl;inc;ipp;xsd</Extensions>
    </Filter>
    <Filter Include="리소스 파일">
      <UniqueIdentifier>{67DA6AB6-F800-4c08-8B7A-83BB121AAD01}</UniqueIdentifier>
      <Extensions>rc;ico;cur;bmp;dlg;rc2;rct;bin;rgs;gif;jpg;jpeg;jpe;resx;tiff;tif;png;wav;mfcribbon-ms</Extensions>
    </Filter>
    <Filter Include="2DGameFramework">
      <UniqueIdentifier>{2ee19535-a953-4eef-ad75-d9e30b26b349}</UniqueIdentifier>
    </Filter>
    <Filter Include="2DGameFramework\SingletonBase">
      <UniqueIdentifier>{71976e2a-20c6-4f27-b50f-5b7ec7fbdd1e}</UniqueIdentifier>
    </Filter>
    <Filter Include="playGround">
      <UniqueIdentifier>{07ed6059-248b-4fb2-8666-6b17c3978591}</UniqueIdentifier>
    </Filter>
    <Filter Include="2DGameFramework\Manager">
      <UniqueIdentifier>{12a1bdad-ebcf-45e6-b39a-e738f4dfc0e7}</UniqueIdentifier>
    </Filter>
    <Filter Include="2DGameFramework\Utils">
      <UniqueIdentifier>{c962e91d-abcd-4709-8f30-f32302d8f874}</UniqueIdentifier>
    </Filter>
    <Filter Include="2DGameFramework\subclass">
      <UniqueIdentifier>{d3bfb8a1-4b79-4125-87f0-b2e53f6d12cb}</UniqueIdentifier>
    </Filter>
    <Filter Include="2DGameFramework\subclass\image">
      <UniqueIdentifier>{caf0e1cc-ae3a-47e7-865a-91a0755607a5}</UniqueIdentifier>
    </Filter>
    <Filter Include="2DGameFramework\subclass\animation">
      <UniqueIdentifier>{069079e2-3f8c-4815-aa2f-ca7ea766fa86}</UniqueIdentifier>
    </Filter>
    <Filter Include="2DGameFramework\subclass\effect">
      <UniqueIdentifier>{30db4124-efb2-40b2-99a0-0ef52e46c48a}</UniqueIdentifier>
    </Filter>
    <Filter Include="2DGameFramework\subclass\timer">
      <UniqueIdentifier>{7638a757-93e6-4e15-a9f4-6dfaee8a20dd}</UniqueIdentifier>
    </Filter>
    <Filter Include="playGround\scene">
      <UniqueIdentifier>{f7f0250c-30b5-4cff-b026-a8d03ee2b90b}</UniqueIdentifier>
    </Filter>
    <Filter Include="2DGameFramework\gameManager">
      <UniqueIdentifier>{a7e0c1d7-2e3d-4df1-8804-03e7bf7fd007}</UniqueIdentifier>
    </Filter>
    <Filter Include="2DGameFramework\player">
      <UniqueIdentifier>{3ef66eb9-e2e9-4f8a-93b9-6896a96b71cc}</UniqueIdentifier>
    </Filter>
    <Filter Include="2DGameFramework\item">
      <UniqueIdentifier>{49a73403-6e0d-47c0-8945-9079746cd380}</UniqueIdentifier>
    </Filter>
    <Filter Include="playGround\mapObject">
      <UniqueIdentifier>{ec0d8818-d3a9-444c-8eb0-f3b216d5c203}</UniqueIdentifier>
    </Filter>
    <Filter Include="playGround\mapObject\lines">
      <UniqueIdentifier>{8ef99762-c127-4be1-ae9a-ea504e0c8f06}</UniqueIdentifier>
    </Filter>
    <Filter Include="2DGameFramework\subclass\camera">
      <UniqueIdentifier>{45c6b80e-26d6-4e38-a0ff-cfb090f3a6c8}</UniqueIdentifier>
    </Filter>
    <Filter Include="playGround\enemy">
      <UniqueIdentifier>{3f949e70-b574-4659-aa6e-2207431bc175}</UniqueIdentifier>
    </Filter>
    <Filter Include="playGround\mapObject\slopes">
      <UniqueIdentifier>{e1d636f4-1fc7-441d-a244-84425efd95b0}</UniqueIdentifier>
    </Filter>
    <Filter Include="2DGameFramework\subclass\picture">
      <UniqueIdentifier>{f9dda1c2-a6b5-4f90-9a86-959327b1e6f1}</UniqueIdentifier>
    </Filter>
    <Filter Include="playGround\io">
      <UniqueIdentifier>{db8f480c-ff6d-44c1-9f43-f298be43cccf}</UniqueIdentifier>
    </Filter>
    <Filter Include="2DGameFramework\damageNumber">
      <UniqueIdentifier>{7bb64fbf-97bc-40e3-bd76-ef6584824a73}</UniqueIdentifier>
    </Filter>
  </ItemGroup>
  <ItemGroup>
    <ClInclude Include="stdafx.h">
      <Filter>헤더 파일</Filter>
    </ClInclude>
    <ClInclude Include="targetver.h">
      <Filter>헤더 파일</Filter>
    </ClInclude>
    <ClInclude Include="Resource.h">
      <Filter>헤더 파일</Filter>
    </ClInclude>
    <ClInclude Include="windowAPI.h">
      <Filter>헤더 파일</Filter>
    </ClInclude>
    <ClInclude Include="commonMacroFunction.h">
      <Filter>헤더 파일</Filter>
    </ClInclude>
    <ClInclude Include="singletonBase.h">
      <Filter>2DGameFramework\SingletonBase</Filter>
    </ClInclude>
    <ClInclude Include="randomFunction.h">
      <Filter>헤더 파일</Filter>
    </ClInclude>
    <ClInclude Include="gameNode.h">
      <Filter>2DGameFramework</Filter>
    </ClInclude>
    <ClInclude Include="playGround.h">
      <Filter>playGround</Filter>
    </ClInclude>
    <ClInclude Include="keyManager.h">
      <Filter>2DGameFramework\Manager</Filter>
    </ClInclude>
    <ClInclude Include="image.h">
      <Filter>2DGameFramework\subclass\image</Filter>
    </ClInclude>
    <ClInclude Include="utils.h">
      <Filter>2DGameFramework\Utils</Filter>
    </ClInclude>
    <ClInclude Include="imageManager.h">
      <Filter>2DGameFramework\Manager</Filter>
    </ClInclude>
    <ClInclude Include="timer.h">
      <Filter>2DGameFramework\subclass\timer</Filter>
    </ClInclude>
    <ClInclude Include="timeManager.h">
      <Filter>2DGameFramework\Manager</Filter>
    </ClInclude>
    <ClInclude Include="animation.h">
      <Filter>2DGameFramework\subclass\animation</Filter>
    </ClInclude>
    <ClInclude Include="effect.h">
      <Filter>2DGameFramework\subclass\effect</Filter>
    </ClInclude>
    <ClInclude Include="effectManager.h">
      <Filter>2DGameFramework\Manager</Filter>
    </ClInclude>
    <ClInclude Include="sceneManager.h">
      <Filter>2DGameFramework\Manager</Filter>
    </ClInclude>
    <ClInclude Include="soundManager.h">
      <Filter>2DGameFramework\Manager</Filter>
    </ClInclude>
    <ClInclude Include="keyAniManager.h">
      <Filter>2DGameFramework\Manager</Filter>
    </ClInclude>
    <ClInclude Include="inGameScene.h">
      <Filter>playGround\scene</Filter>
    </ClInclude>
    <ClInclude Include="loadingScene.h">
      <Filter>playGround\scene</Filter>
    </ClInclude>
    <ClInclude Include="selectScene.h">
      <Filter>playGround\scene</Filter>
    </ClInclude>
    <ClInclude Include="startScene.h">
      <Filter>playGround\scene</Filter>
    </ClInclude>
    <ClInclude Include="difficultyScene.h">
      <Filter>playGround\scene</Filter>
    </ClInclude>
    <ClInclude Include="gameManager.h">
      <Filter>2DGameFramework\gameManager</Filter>
    </ClInclude>
    <ClInclude Include="Player.h">
      <Filter>2DGameFramework\player</Filter>
    </ClInclude>
    <ClInclude Include="shopScene.h">
      <Filter>playGround\scene</Filter>
    </ClInclude>
    <ClInclude Include="item.h">
      <Filter>2DGameFramework\item</Filter>
    </ClInclude>
    <ClInclude Include="characterInfo.h">
      <Filter>헤더 파일</Filter>
    </ClInclude>
    <ClInclude Include="line.h">
      <Filter>playGround\mapObject</Filter>
    </ClInclude>
    <ClInclude Include="mapObject.h">
      <Filter>playGround\mapObject</Filter>
    </ClInclude>
    <ClInclude Include="cube.h">
      <Filter>playGround\mapObject</Filter>
    </ClInclude>
    <ClInclude Include="botLine.h">
      <Filter>playGround\mapObject\lines</Filter>
    </ClInclude>
    <ClInclude Include="leftLine.h">
      <Filter>playGround\mapObject\lines</Filter>
    </ClInclude>
    <ClInclude Include="rightLine.h">
      <Filter>playGround\mapObject\lines</Filter>
    </ClInclude>
    <ClInclude Include="topLine.h">
      <Filter>playGround\mapObject\lines</Filter>
    </ClInclude>
    <ClInclude Include="camera.h">
      <Filter>2DGameFramework\subclass\camera</Filter>
    </ClInclude>
    <ClInclude Include="cameraManager.h">
      <Filter>2DGameFramework\Manager</Filter>
    </ClInclude>
    <ClInclude Include="mainmenuScene.h">
      <Filter>playGround\scene</Filter>
    </ClInclude>
    <ClInclude Include="gameclearScene.h">
      <Filter>playGround\scene</Filter>
    </ClInclude>
    <ClInclude Include="gameoverScene.h">
      <Filter>playGround\scene</Filter>
    </ClInclude>
    <ClInclude Include="settingScene.h">
      <Filter>playGround\scene</Filter>
    </ClInclude>
    <ClInclude Include="enemyManager.h">
      <Filter>playGround\enemy</Filter>
    </ClInclude>
    <ClInclude Include="enemy.h">
      <Filter>playGround\enemy</Filter>
    </ClInclude>
    <ClInclude Include="mike.h">
      <Filter>playGround\enemy</Filter>
    </ClInclude>
    <ClInclude Include="dobeman.h">
      <Filter>playGround\enemy</Filter>
    </ClInclude>
    <ClInclude Include="jesse.h">
      <Filter>playGround\enemy</Filter>
    </ClInclude>
    <ClInclude Include="lee.h">
      <Filter>playGround\enemy</Filter>
    </ClInclude>
    <ClInclude Include="luke.h">
      <Filter>playGround\enemy</Filter>
    </ClInclude>
    <ClInclude Include="malcolm.h">
      <Filter>playGround\enemy</Filter>
    </ClInclude>
    <ClInclude Include="william.h">
      <Filter>playGround\enemy</Filter>
    </ClInclude>
    <ClInclude Include="slope.h">
      <Filter>playGround\mapObject</Filter>
    </ClInclude>
    <ClInclude Include="downSlope.h">
      <Filter>playGround\mapObject\slopes</Filter>
    </ClInclude>
    <ClInclude Include="upSlope.h">
      <Filter>playGround\mapObject\slopes</Filter>
    </ClInclude>
    <ClInclude Include="picture.h">
      <Filter>2DGameFramework\subclass\picture</Filter>
    </ClInclude>
    <ClInclude Include="stair.h">
      <Filter>playGround\mapObject</Filter>
    </ClInclude>
    <ClInclude Include="stairBack.h">
      <Filter>playGround\mapObject</Filter>
    </ClInclude>
    <ClInclude Include="stairFront.h">
      <Filter>playGround\mapObject</Filter>
    </ClInclude>
    <ClInclude Include="baricadeLine.h">
      <Filter>playGround\mapObject\lines</Filter>
    </ClInclude>
    <ClInclude Include="Coin.h">
      <Filter>playGround</Filter>
    </ClInclude>
    <ClInclude Include="bat.h">
      <Filter>playGround\io</Filter>
    </ClInclude>
    <ClInclude Include="bin.h">
      <Filter>playGround\io</Filter>
    </ClInclude>
    <ClInclude Include="interactiveObject.h">
      <Filter>playGround\io</Filter>
    </ClInclude>
    <ClInclude Include="ioManager.h">
      <Filter>playGround\io</Filter>
    </ClInclude>
    <ClInclude Include="bus.h">
      <Filter>playGround\enemy</Filter>
    </ClInclude>
    <ClInclude Include="imgObj.h">
      <Filter>playGround\mapObject</Filter>
    </ClInclude>
    <ClInclude Include="damageNumber.h">
      <Filter>2DGameFramework\damageNumber</Filter>
    </ClInclude>
    <ClInclude Include="boss.h">
      <Filter>playGround\enemy</Filter>
    </ClInclude>
    <ClInclude Include="devil.h">
      <Filter>playGround\enemy</Filter>
    </ClInclude>
    <ClInclude Include="bullet.h">
      <Filter>playGround</Filter>
    </ClInclude>
  </ItemGroup>
  <ItemGroup>
    <ClCompile Include="stdafx.cpp">
      <Filter>소스 파일</Filter>
    </ClCompile>
    <ClCompile Include="winMain.cpp">
      <Filter>소스 파일</Filter>
    </ClCompile>
    <ClCompile Include="gameNode.cpp">
      <Filter>2DGameFramework</Filter>
    </ClCompile>
    <ClCompile Include="playGround.cpp">
      <Filter>playGround</Filter>
    </ClCompile>
    <ClCompile Include="keyManager.cpp">
      <Filter>2DGameFramework\Manager</Filter>
    </ClCompile>
    <ClCompile Include="image.cpp">
      <Filter>2DGameFramework\subclass\image</Filter>
    </ClCompile>
    <ClCompile Include="utils.cpp">
      <Filter>2DGameFramework\Utils</Filter>
    </ClCompile>
    <ClCompile Include="imageManager.cpp">
      <Filter>2DGameFramework\Manager</Filter>
    </ClCompile>
    <ClCompile Include="timer.cpp">
      <Filter>2DGameFramework\subclass\timer</Filter>
    </ClCompile>
    <ClCompile Include="timeManager.cpp">
      <Filter>2DGameFramework\Manager</Filter>
    </ClCompile>
    <ClCompile Include="animation.cpp">
      <Filter>2DGameFramework\subclass\animation</Filter>
    </ClCompile>
    <ClCompile Include="effect.cpp">
      <Filter>2DGameFramework\subclass\effect</Filter>
    </ClCompile>
    <ClCompile Include="effectManager.cpp">
      <Filter>2DGameFramework\Manager</Filter>
    </ClCompile>
    <ClCompile Include="sceneManager.cpp">
      <Filter>2DGameFramework\Manager</Filter>
    </ClCompile>
    <ClCompile Include="soundManager.cpp">
      <Filter>2DGameFramework\Manager</Filter>
    </ClCompile>
    <ClCompile Include="keyAniManager.cpp">
      <Filter>2DGameFramework\Manager</Filter>
    </ClCompile>
    <ClCompile Include="loadingScene.cpp">
      <Filter>playGround\scene</Filter>
    </ClCompile>
    <ClCompile Include="inGameScene.cpp">
      <Filter>playGround\scene</Filter>
    </ClCompile>
    <ClCompile Include="selectScene.cpp">
      <Filter>playGround\scene</Filter>
    </ClCompile>
    <ClCompile Include="startScene.cpp">
      <Filter>playGround\scene</Filter>
    </ClCompile>
    <ClCompile Include="difficultyScene.cpp">
      <Filter>playGround\scene</Filter>
    </ClCompile>
    <ClCompile Include="gameManager.cpp">
      <Filter>2DGameFramework\gameManager</Filter>
    </ClCompile>
    <ClCompile Include="Player.cpp">
      <Filter>2DGameFramework\player</Filter>
    </ClCompile>
    <ClCompile Include="shopScene.cpp">
      <Filter>playGround\scene</Filter>
    </ClCompile>
    <ClCompile Include="item.cpp">
      <Filter>2DGameFramework\item</Filter>
    </ClCompile>
    <ClCompile Include="line.cpp">
      <Filter>playGround\mapObject</Filter>
    </ClCompile>
    <ClCompile Include="mapObject.cpp">
      <Filter>playGround\mapObject</Filter>
    </ClCompile>
    <ClCompile Include="cube.cpp">
      <Filter>playGround\mapObject</Filter>
    </ClCompile>
    <ClCompile Include="botLine.cpp">
      <Filter>playGround\mapObject\lines</Filter>
    </ClCompile>
    <ClCompile Include="leftLine.cpp">
      <Filter>playGround\mapObject\lines</Filter>
    </ClCompile>
    <ClCompile Include="rightLine.cpp">
      <Filter>playGround\mapObject\lines</Filter>
    </ClCompile>
    <ClCompile Include="topLine.cpp">
      <Filter>playGround\mapObject\lines</Filter>
    </ClCompile>
    <ClCompile Include="camera.cpp">
      <Filter>2DGameFramework\subclass\camera</Filter>
    </ClCompile>
    <ClCompile Include="cameraManager.cpp">
      <Filter>2DGameFramework\Manager</Filter>
    </ClCompile>
    <ClCompile Include="mainmenuScene.cpp">
      <Filter>playGround\scene</Filter>
    </ClCompile>
    <ClCompile Include="gameclearScene.cpp">
      <Filter>playGround\scene</Filter>
    </ClCompile>
    <ClCompile Include="gameoverScene.cpp">
      <Filter>playGround\scene</Filter>
    </ClCompile>
    <ClCompile Include="settingScene.cpp">
      <Filter>playGround\scene</Filter>
    </ClCompile>
    <ClCompile Include="enemyManager.cpp">
      <Filter>playGround\enemy</Filter>
    </ClCompile>
    <ClCompile Include="enemy.cpp">
      <Filter>playGround\enemy</Filter>
    </ClCompile>
    <ClCompile Include="mike.cpp">
      <Filter>playGround\enemy</Filter>
    </ClCompile>
    <ClCompile Include="dobeman.cpp">
      <Filter>playGround\enemy</Filter>
    </ClCompile>
    <ClCompile Include="jesse.cpp">
      <Filter>playGround\enemy</Filter>
    </ClCompile>
    <ClCompile Include="lee.cpp">
      <Filter>playGround\enemy</Filter>
    </ClCompile>
    <ClCompile Include="luke.cpp">
      <Filter>playGround\enemy</Filter>
    </ClCompile>
    <ClCompile Include="malcolm.cpp">
      <Filter>playGround\enemy</Filter>
    </ClCompile>
    <ClCompile Include="william.cpp">
      <Filter>playGround\enemy</Filter>
    </ClCompile>
    <ClCompile Include="slope.cpp">
      <Filter>playGround\mapObject</Filter>
    </ClCompile>
    <ClCompile Include="downSlope.cpp">
      <Filter>playGround\mapObject\slopes</Filter>
    </ClCompile>
    <ClCompile Include="upSlope.cpp">
      <Filter>playGround\mapObject\slopes</Filter>
    </ClCompile>
    <ClCompile Include="picture.cpp">
      <Filter>2DGameFramework\subclass\picture</Filter>
    </ClCompile>
    <ClCompile Include="stair.cpp">
      <Filter>playGround\mapObject</Filter>
    </ClCompile>
    <ClCompile Include="stairBack.cpp">
      <Filter>playGround\mapObject</Filter>
    </ClCompile>
    <ClCompile Include="stairFront.cpp">
      <Filter>playGround\mapObject</Filter>
    </ClCompile>
    <ClCompile Include="baricadeLine.cpp">
      <Filter>playGround\mapObject\lines</Filter>
    </ClCompile>
    <ClCompile Include="Coin.cpp">
      <Filter>playGround</Filter>
    </ClCompile>
    <ClCompile Include="bat.cpp">
      <Filter>playGround\io</Filter>
    </ClCompile>
    <ClCompile Include="bin.cpp">
      <Filter>playGround\io</Filter>
    </ClCompile>
    <ClCompile Include="interactiveObject.cpp">
      <Filter>playGround\io</Filter>
    </ClCompile>
    <ClCompile Include="ioManager.cpp">
      <Filter>playGround\io</Filter>
    </ClCompile>
    <ClCompile Include="bus.cpp">
      <Filter>playGround\enemy</Filter>
    </ClCompile>
    <ClCompile Include="imgObj.cpp">
      <Filter>playGround\mapObject</Filter>
    </ClCompile>
    <ClCompile Include="damageNumber.cpp">
      <Filter>2DGameFramework\damageNumber</Filter>
    </ClCompile>
    <ClCompile Include="boss.cpp">
      <Filter>playGround\enemy</Filter>
    </ClCompile>
    <ClCompile Include="devil.cpp">
      <Filter>playGround\enemy</Filter>
    </ClCompile>
    <ClCompile Include="bullet.cpp">
      <Filter>playGround</Filter>
    </ClCompile>
  </ItemGroup>
  <ItemGroup>
    <ResourceCompile Include="windowAPI.rc">
      <Filter>리소스 파일</Filter>
    </ResourceCompile>
  </ItemGroup>
  <ItemGroup>
    <Image Include="small.ico">
      <Filter>리소스 파일</Filter>
    </Image>
    <Image Include="windowAPI.ico">
      <Filter>리소스 파일</Filter>
    </Image>
  </ItemGroup>
</Project>